
Microsoft Visual Studio Solution File, Format Version 12.00
# Visual Studio Version 16
VisualStudioVersion = 16.0.29613.14
MinimumVisualStudioVersion = 10.0.40219.1
Project("{FAE04EC0-301F-11D3-BF4B-00C04F79EFBC}") = "Ploomes.Api.Client", "Ploomes.Api.Client\Ploomes.Api.Client.csproj", "{A0243973-742E-42EE-B1D4-ABFAB49A2FCD}"
EndProject
Global
	GlobalSection(SolutionConfigurationPlatforms) = preSolution
		Debug|Any CPU = Debug|Any CPU
		Release|Any CPU = Release|Any CPU
	EndGlobalSection
	GlobalSection(ProjectConfigurationPlatforms) = postSolution
		{A0243973-742E-42EE-B1D4-ABFAB49A2FCD}.Debug|Any CPU.ActiveCfg = Debug|Any CPU
		{A0243973-742E-42EE-B1D4-ABFAB49A2FCD}.Debug|Any CPU.Build.0 = Debug|Any CPU
		{A0243973-742E-42EE-B1D4-ABFAB49A2FCD}.Release|Any CPU.ActiveCfg = Release|Any CPU
		{A0243973-742E-42EE-B1D4-ABFAB49A2FCD}.Release|Any CPU.Build.0 = Release|Any CPU
	EndGlobalSection
	GlobalSection(SolutionProperties) = preSolution
		HideSolutionNode = FALSE
	EndGlobalSection
	GlobalSection(ExtensibilityGlobals) = postSolution
		SolutionGuid = {013638AF-4E07-4DEB-8CD2-82B0692B65F8}
	EndGlobalSection
EndGlobal
